
Microsoft Visual Studio Solution File, Format Version 12.00
# Visual Studio Version 17
VisualStudioVersion = 17.3.32825.248
MinimumVisualStudioVersion = 10.0.40219.1
Project("{FAE04EC0-301F-11D3-BF4B-00C04F79EFBC}") = "VoiceTexterBot", "VoiceTexterBot.csproj", "{78D278D8-F6A4-47C4-969C-F80FCDDDEABF}"
EndProject
Global
	GlobalSection(SolutionConfigurationPlatforms) = preSolution
		Debug|Any CPU = Debug|Any CPU
		Release|Any CPU = Release|Any CPU
	EndGlobalSection
	GlobalSection(ProjectConfigurationPlatforms) = postSolution
		{78D278D8-F6A4-47C4-969C-F80FCDDDEABF}.Debug|Any CPU.ActiveCfg = Debug|Any CPU
		{78D278D8-F6A4-47C4-969C-F80FCDDDEABF}.Debug|Any CPU.Build.0 = Debug|Any CPU
		{78D278D8-F6A4-47C4-969C-F80FCDDDEABF}.Release|Any CPU.ActiveCfg = Release|Any CPU
		{78D278D8-F6A4-47C4-969C-F80FCDDDEABF}.Release|Any CPU.Build.0 = Release|Any CPU
	EndGlobalSection
	GlobalSection(SolutionProperties) = preSolution
		HideSolutionNode = FALSE
	EndGlobalSection
	GlobalSection(ExtensibilityGlobals) = postSolution
		SolutionGuid = {7F1B25A4-9921-4420-B778-E38DBFC725E4}
	EndGlobalSection
EndGlobal
